
Microsoft Visual Studio Solution File, Format Version 12.00
# Visual Studio 15
VisualStudioVersion = 15.0.28307.271
MinimumVisualStudioVersion = 10.0.40219.1
Project("{FAE04EC0-301F-11D3-BF4B-00C04F79EFBC}") = "bitwarden_hibp", "bitwarden_hibp\bitwarden_hibp.csproj", "{E02EBB1A-6B36-4C94-8828-2AABF6458A32}"
EndProject
Global
	GlobalSection(SolutionConfigurationPlatforms) = preSolution
		Debug|Any CPU = Debug|Any CPU
		Release|Any CPU = Release|Any CPU
	EndGlobalSection
	GlobalSection(ProjectConfigurationPlatforms) = postSolution
		{E02EBB1A-6B36-4C94-8828-2AABF6458A32}.Debug|Any CPU.ActiveCfg = Debug|Any CPU
		{E02EBB1A-6B36-4C94-8828-2AABF6458A32}.Debug|Any CPU.Build.0 = Debug|Any CPU
		{E02EBB1A-6B36-4C94-8828-2AABF6458A32}.Release|Any CPU.ActiveCfg = Release|Any CPU
		{E02EBB1A-6B36-4C94-8828-2AABF6458A32}.Release|Any CPU.Build.0 = Release|Any CPU
	EndGlobalSection
	GlobalSection(SolutionProperties) = preSolution
		HideSolutionNode = FALSE
	EndGlobalSection
	GlobalSection(ExtensibilityGlobals) = postSolution
		SolutionGuid = {4EE61D8F-31C8-4B32-9445-F7D8FD0EEAAC}
	EndGlobalSection
EndGlobal
